
Microsoft Visual Studio Solution File, Format Version 11.00
# Visual Studio 2010
Project("{FAE04EC0-301F-11D3-BF4B-00C04F79EFBC}") = "CountryStuff", "CountryStuff\CountryStuff.csproj", "{7E080271-2F14-414B-8615-D29133D2069B}"
EndProject
Project("{2150E333-8FDC-42A3-9474-1A3956D46DE8}") = ".nuget", ".nuget", "{15904521-359C-4037-95F8-5375FC69A14B}"
	ProjectSection(SolutionItems) = preProject
		.nuget\NuGet.exe = .nuget\NuGet.exe
		.nuget\NuGet.targets = .nuget\NuGet.targets
	EndProjectSection
EndProject
Project("{FAE04EC0-301F-11D3-BF4B-00C04F79EFBC}") = "Tests", "Tests\Tests.csproj", "{99B4AE61-BC46-428C-A33E-FB649EAFFE53}"
EndProject
Project("{FAE04EC0-301F-11D3-BF4B-00C04F79EFBC}") = "CountriesToXml", "CountriesToXml\CountriesToXml.csproj", "{99925A45-7526-4C9F-994A-40DD2C71640D}"
EndProject
Project("{FAE04EC0-301F-11D3-BF4B-00C04F79EFBC}") = "CountriesPullet", "CountriesPullet\CountriesPullet.csproj", "{0EE0F567-7D03-472B-9570-DAE236A8E6DE}"
EndProject
Global
	GlobalSection(SolutionConfigurationPlatforms) = preSolution
		Debug|Any CPU = Debug|Any CPU
		Debug|Mixed Platforms = Debug|Mixed Platforms
		Debug|x86 = Debug|x86
		Release|Any CPU = Release|Any CPU
		Release|Mixed Platforms = Release|Mixed Platforms
		Release|x86 = Release|x86
	EndGlobalSection
	GlobalSection(ProjectConfigurationPlatforms) = postSolution
		{7E080271-2F14-414B-8615-D29133D2069B}.Debug|Any CPU.ActiveCfg = Debug|Any CPU
		{7E080271-2F14-414B-8615-D29133D2069B}.Debug|Any CPU.Build.0 = Debug|Any CPU
		{7E080271-2F14-414B-8615-D29133D2069B}.Debug|Mixed Platforms.ActiveCfg = Debug|Any CPU
		{7E080271-2F14-414B-8615-D29133D2069B}.Debug|Mixed Platforms.Build.0 = Debug|Any CPU
		{7E080271-2F14-414B-8615-D29133D2069B}.Debug|x86.ActiveCfg = Debug|Any CPU
		{7E080271-2F14-414B-8615-D29133D2069B}.Release|Any CPU.ActiveCfg = Release|Any CPU
		{7E080271-2F14-414B-8615-D29133D2069B}.Release|Any CPU.Build.0 = Release|Any CPU
		{7E080271-2F14-414B-8615-D29133D2069B}.Release|Mixed Platforms.ActiveCfg = Release|Any CPU
		{7E080271-2F14-414B-8615-D29133D2069B}.Release|Mixed Platforms.Build.0 = Release|Any CPU
		{7E080271-2F14-414B-8615-D29133D2069B}.Release|x86.ActiveCfg = Release|Any CPU
		{99B4AE61-BC46-428C-A33E-FB649EAFFE53}.Debug|Any CPU.ActiveCfg = Debug|Any CPU
		{99B4AE61-BC46-428C-A33E-FB649EAFFE53}.Debug|Any CPU.Build.0 = Debug|Any CPU
		{99B4AE61-BC46-428C-A33E-FB649EAFFE53}.Debug|Mixed Platforms.ActiveCfg = Debug|Any CPU
		{99B4AE61-BC46-428C-A33E-FB649EAFFE53}.Debug|Mixed Platforms.Build.0 = Debug|Any CPU
		{99B4AE61-BC46-428C-A33E-FB649EAFFE53}.Debug|x86.ActiveCfg = Debug|Any CPU
		{99B4AE61-BC46-428C-A33E-FB649EAFFE53}.Release|Any CPU.ActiveCfg = Release|Any CPU
		{99B4AE61-BC46-428C-A33E-FB649EAFFE53}.Release|Any CPU.Build.0 = Release|Any CPU
		{99B4AE61-BC46-428C-A33E-FB649EAFFE53}.Release|Mixed Platforms.ActiveCfg = Release|Any CPU
		{99B4AE61-BC46-428C-A33E-FB649EAFFE53}.Release|Mixed Platforms.Build.0 = Release|Any CPU
		{99B4AE61-BC46-428C-A33E-FB649EAFFE53}.Release|x86.ActiveCfg = Release|Any CPU
		{99925A45-7526-4C9F-994A-40DD2C71640D}.Debug|Any CPU.ActiveCfg = Debug|x86
		{99925A45-7526-4C9F-994A-40DD2C71640D}.Debug|Mixed Platforms.ActiveCfg = Debug|x86
		{99925A45-7526-4C9F-994A-40DD2C71640D}.Debug|Mixed Platforms.Build.0 = Debug|x86
		{99925A45-7526-4C9F-994A-40DD2C71640D}.Debug|x86.ActiveCfg = Debug|x86
		{99925A45-7526-4C9F-994A-40DD2C71640D}.Debug|x86.Build.0 = Debug|x86
		{99925A45-7526-4C9F-994A-40DD2C71640D}.Release|Any CPU.ActiveCfg = Release|x86
		{99925A45-7526-4C9F-994A-40DD2C71640D}.Release|Mixed Platforms.ActiveCfg = Release|x86
		{99925A45-7526-4C9F-994A-40DD2C71640D}.Release|Mixed Platforms.Build.0 = Release|x86
		{99925A45-7526-4C9F-994A-40DD2C71640D}.Release|x86.ActiveCfg = Release|x86
		{99925A45-7526-4C9F-994A-40DD2C71640D}.Release|x86.Build.0 = Release|x86
		{0EE0F567-7D03-472B-9570-DAE236A8E6DE}.Debug|Any CPU.ActiveCfg = Debug|x86
		{0EE0F567-7D03-472B-9570-DAE236A8E6DE}.Debug|Mixed Platforms.ActiveCfg = Debug|x86
		{0EE0F567-7D03-472B-9570-DAE236A8E6DE}.Debug|Mixed Platforms.Build.0 = Debug|x86
		{0EE0F567-7D03-472B-9570-DAE236A8E6DE}.Debug|x86.ActiveCfg = Debug|x86
		{0EE0F567-7D03-472B-9570-DAE236A8E6DE}.Debug|x86.Build.0 = Debug|x86
		{0EE0F567-7D03-472B-9570-DAE236A8E6DE}.Release|Any CPU.ActiveCfg = Release|x86
		{0EE0F567-7D03-472B-9570-DAE236A8E6DE}.Release|Mixed Platforms.ActiveCfg = Release|x86
		{0EE0F567-7D03-472B-9570-DAE236A8E6DE}.Release|Mixed Platforms.Build.0 = Release|x86
		{0EE0F567-7D03-472B-9570-DAE236A8E6DE}.Release|x86.ActiveCfg = Release|x86
		{0EE0F567-7D03-472B-9570-DAE236A8E6DE}.Release|x86.Build.0 = Release|x86
	EndGlobalSection
	GlobalSection(SolutionProperties) = preSolution
		HideSolutionNode = FALSE
	EndGlobalSection
EndGlobal
